{
  "name": "miniprogram",
  "version": "1.0.0",
  "lockfileVersion": 1,
  "requires": true,
  "dependencies": {
    "is-number": {
      "version": "7.0.0",
      "resolved": "http://r.tnpm.oa.com/is-number/download/is-number-7.0.0.tgz",
      "integrity": "sha1-dTU0W4lnNNX4DE0GxQlVUnoU8Ss="
    },
    "jsbn": {
      "version": "1.1.0",
      "resolved": "https://registry.npmjs.org/jsbn/-/jsbn-1.1.0.tgz",
      "integrity": "sha1-sBMHyym2GKHtJux56RH4A8TaAEA="
    },
    "miniprogram-sm-crypto": {
      "version": "0.2.5",
      "resolved": "https://registry.npmjs.org/miniprogram-sm-crypto/-/miniprogram-sm-crypto-0.2.5.tgz",
      "integrity": "sha512-YEg5a+p7e5KO5HsAWi/ke8XH4fGL+Bc0uAfozbjwO1aAfO+MKEta+G0h4K8c6OMdBYzCslmBlIiRiYgo5ao+SQ==",
      "requires": {
        "jsbn": "^1.1.0"
      }
    }
  }
}
